
Microsoft Visual Studio Solution File, Format Version 12.00
# Visual Studio Version 17
VisualStudioVersion = 17.3.32901.215
MinimumVisualStudioVersion = 10.0.40219.1
Project("{FAE04EC0-301F-11D3-BF4B-00C04F79EFBC}") = "Zrakoplov_klase", "Zrakoplov_klase\Zrakoplov_klase.csproj", "{8532080F-0AFA-46ED-9E16-5D1970798955}"
EndProject
Global
	GlobalSection(SolutionConfigurationPlatforms) = preSolution
		Debug|Any CPU = Debug|Any CPU
		Release|Any CPU = Release|Any CPU
	EndGlobalSection
	GlobalSection(ProjectConfigurationPlatforms) = postSolution
		{8532080F-0AFA-46ED-9E16-5D1970798955}.Debug|Any CPU.ActiveCfg = Debug|Any CPU
		{8532080F-0AFA-46ED-9E16-5D1970798955}.Debug|Any CPU.Build.0 = Debug|Any CPU
		{8532080F-0AFA-46ED-9E16-5D1970798955}.Release|Any CPU.ActiveCfg = Release|Any CPU
		{8532080F-0AFA-46ED-9E16-5D1970798955}.Release|Any CPU.Build.0 = Release|Any CPU
	EndGlobalSection
	GlobalSection(SolutionProperties) = preSolution
		HideSolutionNode = FALSE
	EndGlobalSection
	GlobalSection(ExtensibilityGlobals) = postSolution
		SolutionGuid = {628C90A0-9C32-4CB4-AEAA-DCAD54ACB0EE}
	EndGlobalSection
EndGlobal
